
Microsoft Visual Studio Solution File, Format Version 12.00
# Visual Studio Version 16
VisualStudioVersion = 16.0.32802.440
MinimumVisualStudioVersion = 10.0.40219.1
Project("{FAE04EC0-301F-11D3-BF4B-00C04F79EFBC}") = "10laba", "10laba\10laba.csproj", "{D8C630AB-0391-4ACF-BAE5-CBE572F84295}"
EndProject
Global
	GlobalSection(SolutionConfigurationPlatforms) = preSolution
		Debug|Any CPU = Debug|Any CPU
		Release|Any CPU = Release|Any CPU
	EndGlobalSection
	GlobalSection(ProjectConfigurationPlatforms) = postSolution
		{D8C630AB-0391-4ACF-BAE5-CBE572F84295}.Debug|Any CPU.ActiveCfg = Debug|Any CPU
		{D8C630AB-0391-4ACF-BAE5-CBE572F84295}.Debug|Any CPU.Build.0 = Debug|Any CPU
		{D8C630AB-0391-4ACF-BAE5-CBE572F84295}.Release|Any CPU.ActiveCfg = Release|Any CPU
		{D8C630AB-0391-4ACF-BAE5-CBE572F84295}.Release|Any CPU.Build.0 = Release|Any CPU
	EndGlobalSection
	GlobalSection(SolutionProperties) = preSolution
		HideSolutionNode = FALSE
	EndGlobalSection
	GlobalSection(ExtensibilityGlobals) = postSolution
		SolutionGuid = {059F77A1-3B6D-4C18-9CC2-C4AFC265A3A2}
	EndGlobalSection
EndGlobal
