
Microsoft Visual Studio Solution File, Format Version 12.00
# Visual Studio Version 16
VisualStudioVersion = 16.0.32802.440
MinimumVisualStudioVersion = 10.0.40219.1
Project("{FAE04EC0-301F-11D3-BF4B-00C04F79EFBC}") = "14laba", "14laba\14laba.csproj", "{A8C617CD-FBFC-49F5-BDF3-260F5C62DB76}"
EndProject
Global
	GlobalSection(SolutionConfigurationPlatforms) = preSolution
		Debug|Any CPU = Debug|Any CPU
		Release|Any CPU = Release|Any CPU
	EndGlobalSection
	GlobalSection(ProjectConfigurationPlatforms) = postSolution
		{A8C617CD-FBFC-49F5-BDF3-260F5C62DB76}.Debug|Any CPU.ActiveCfg = Debug|Any CPU
		{A8C617CD-FBFC-49F5-BDF3-260F5C62DB76}.Debug|Any CPU.Build.0 = Debug|Any CPU
		{A8C617CD-FBFC-49F5-BDF3-260F5C62DB76}.Release|Any CPU.ActiveCfg = Release|Any CPU
		{A8C617CD-FBFC-49F5-BDF3-260F5C62DB76}.Release|Any CPU.Build.0 = Release|Any CPU
	EndGlobalSection
	GlobalSection(SolutionProperties) = preSolution
		HideSolutionNode = FALSE
	EndGlobalSection
	GlobalSection(ExtensibilityGlobals) = postSolution
		SolutionGuid = {FA11868A-65E0-453B-A930-ED352C1EB440}
	EndGlobalSection
EndGlobal
