
Microsoft Visual Studio Solution File, Format Version 12.00
# Visual Studio Version 16
VisualStudioVersion = 16.0.32413.511
MinimumVisualStudioVersion = 10.0.40219.1
Project("{8BC9CEB8-8B4A-11D0-8D11-00A0C91BC942}") = "1zadanie", "1zadanie\1zadanie.vcxproj", "{75FA9C4D-63A5-460D-8693-863169CC8D34}"
EndProject
Project("{8BC9CEB8-8B4A-11D0-8D11-00A0C91BC942}") = "1dop", "1dop\1dop.vcxproj", "{BBE28335-D499-45B2-A3B5-E0EF6562A3D0}"
EndProject
Project("{8BC9CEB8-8B4A-11D0-8D11-00A0C91BC942}") = "dop2", "dop2\dop2.vcxproj", "{F25BACB5-C43A-443A-A068-E8F2723ED73B}"
EndProject
Project("{8BC9CEB8-8B4A-11D0-8D11-00A0C91BC942}") = "3dop", "3dop\3dop.vcxproj", "{9D9C3464-0322-41E1-BB98-4954162494E8}"
EndProject
Global
	GlobalSection(SolutionConfigurationPlatforms) = preSolution
		Debug|x64 = Debug|x64
		Debug|x86 = Debug|x86
		Release|x64 = Release|x64
		Release|x86 = Release|x86
	EndGlobalSection
	GlobalSection(ProjectConfigurationPlatforms) = postSolution
		{75FA9C4D-63A5-460D-8693-863169CC8D34}.Debug|x64.ActiveCfg = Debug|x64
		{75FA9C4D-63A5-460D-8693-863169CC8D34}.Debug|x64.Build.0 = Debug|x64
		{75FA9C4D-63A5-460D-8693-863169CC8D34}.Debug|x86.ActiveCfg = Debug|Win32
		{75FA9C4D-63A5-460D-8693-863169CC8D34}.Debug|x86.Build.0 = Debug|Win32
		{75FA9C4D-63A5-460D-8693-863169CC8D34}.Release|x64.ActiveCfg = Release|x64
		{75FA9C4D-63A5-460D-8693-863169CC8D34}.Release|x64.Build.0 = Release|x64
		{75FA9C4D-63A5-460D-8693-863169CC8D34}.Release|x86.ActiveCfg = Release|Win32
		{75FA9C4D-63A5-460D-8693-863169CC8D34}.Release|x86.Build.0 = Release|Win32
		{BBE28335-D499-45B2-A3B5-E0EF6562A3D0}.Debug|x64.ActiveCfg = Debug|x64
		{BBE28335-D499-45B2-A3B5-E0EF6562A3D0}.Debug|x64.Build.0 = Debug|x64
		{BBE28335-D499-45B2-A3B5-E0EF6562A3D0}.Debug|x86.ActiveCfg = Debug|Win32
		{BBE28335-D499-45B2-A3B5-E0EF6562A3D0}.Debug|x86.Build.0 = Debug|Win32
		{BBE28335-D499-45B2-A3B5-E0EF6562A3D0}.Release|x64.ActiveCfg = Release|x64
		{BBE28335-D499-45B2-A3B5-E0EF6562A3D0}.Release|x64.Build.0 = Release|x64
		{BBE28335-D499-45B2-A3B5-E0EF6562A3D0}.Release|x86.ActiveCfg = Release|Win32
		{BBE28335-D499-45B2-A3B5-E0EF6562A3D0}.Release|x86.Build.0 = Release|Win32
		{F25BACB5-C43A-443A-A068-E8F2723ED73B}.Debug|x64.ActiveCfg = Debug|x64
		{F25BACB5-C43A-443A-A068-E8F2723ED73B}.Debug|x64.Build.0 = Debug|x64
		{F25BACB5-C43A-443A-A068-E8F2723ED73B}.Debug|x86.ActiveCfg = Debug|Win32
		{F25BACB5-C43A-443A-A068-E8F2723ED73B}.Debug|x86.Build.0 = Debug|Win32
		{F25BACB5-C43A-443A-A068-E8F2723ED73B}.Release|x64.ActiveCfg = Release|x64
		{F25BACB5-C43A-443A-A068-E8F2723ED73B}.Release|x64.Build.0 = Release|x64
		{F25BACB5-C43A-443A-A068-E8F2723ED73B}.Release|x86.ActiveCfg = Release|Win32
		{F25BACB5-C43A-443A-A068-E8F2723ED73B}.Release|x86.Build.0 = Release|Win32
		{9D9C3464-0322-41E1-BB98-4954162494E8}.Debug|x64.ActiveCfg = Debug|x64
		{9D9C3464-0322-41E1-BB98-4954162494E8}.Debug|x64.Build.0 = Debug|x64
		{9D9C3464-0322-41E1-BB98-4954162494E8}.Debug|x86.ActiveCfg = Debug|Win32
		{9D9C3464-0322-41E1-BB98-4954162494E8}.Debug|x86.Build.0 = Debug|Win32
		{9D9C3464-0322-41E1-BB98-4954162494E8}.Release|x64.ActiveCfg = Release|x64
		{9D9C3464-0322-41E1-BB98-4954162494E8}.Release|x64.Build.0 = Release|x64
		{9D9C3464-0322-41E1-BB98-4954162494E8}.Release|x86.ActiveCfg = Release|Win32
		{9D9C3464-0322-41E1-BB98-4954162494E8}.Release|x86.Build.0 = Release|Win32
	EndGlobalSection
	GlobalSection(SolutionProperties) = preSolution
		HideSolutionNode = FALSE
	EndGlobalSection
	GlobalSection(ExtensibilityGlobals) = postSolution
		SolutionGuid = {5D1F9DE8-D9C3-410A-A12A-0EBB4EBDC6DA}
	EndGlobalSection
EndGlobal
