
Microsoft Visual Studio Solution File, Format Version 12.00
# Visual Studio Version 16
VisualStudioVersion = 16.0.32802.440
MinimumVisualStudioVersion = 10.0.40219.1
Project("{FAE04EC0-301F-11D3-BF4B-00C04F79EFBC}") = "13laba", "13laba\13laba.csproj", "{86D21223-7EF7-4CFF-A594-832C09521CC0}"
EndProject
Global
	GlobalSection(SolutionConfigurationPlatforms) = preSolution
		Debug|Any CPU = Debug|Any CPU
		Release|Any CPU = Release|Any CPU
	EndGlobalSection
	GlobalSection(ProjectConfigurationPlatforms) = postSolution
		{86D21223-7EF7-4CFF-A594-832C09521CC0}.Debug|Any CPU.ActiveCfg = Debug|Any CPU
		{86D21223-7EF7-4CFF-A594-832C09521CC0}.Debug|Any CPU.Build.0 = Debug|Any CPU
		{86D21223-7EF7-4CFF-A594-832C09521CC0}.Release|Any CPU.ActiveCfg = Release|Any CPU
		{86D21223-7EF7-4CFF-A594-832C09521CC0}.Release|Any CPU.Build.0 = Release|Any CPU
	EndGlobalSection
	GlobalSection(SolutionProperties) = preSolution
		HideSolutionNode = FALSE
	EndGlobalSection
	GlobalSection(ExtensibilityGlobals) = postSolution
		SolutionGuid = {22EBEAA5-D392-4E40-B3B6-B9228FD28652}
	EndGlobalSection
EndGlobal
