
Microsoft Visual Studio Solution File, Format Version 12.00
# Visual Studio Version 16
VisualStudioVersion = 16.0.32802.440
MinimumVisualStudioVersion = 10.0.40219.1
Project("{FAE04EC0-301F-11D3-BF4B-00C04F79EFBC}") = "12laba", "12laba\12laba.csproj", "{6611A231-056A-4A76-948A-AD76E7F06894}"
EndProject
Global
	GlobalSection(SolutionConfigurationPlatforms) = preSolution
		Debug|Any CPU = Debug|Any CPU
		Release|Any CPU = Release|Any CPU
	EndGlobalSection
	GlobalSection(ProjectConfigurationPlatforms) = postSolution
		{6611A231-056A-4A76-948A-AD76E7F06894}.Debug|Any CPU.ActiveCfg = Debug|Any CPU
		{6611A231-056A-4A76-948A-AD76E7F06894}.Debug|Any CPU.Build.0 = Debug|Any CPU
		{6611A231-056A-4A76-948A-AD76E7F06894}.Release|Any CPU.ActiveCfg = Release|Any CPU
		{6611A231-056A-4A76-948A-AD76E7F06894}.Release|Any CPU.Build.0 = Release|Any CPU
	EndGlobalSection
	GlobalSection(SolutionProperties) = preSolution
		HideSolutionNode = FALSE
	EndGlobalSection
	GlobalSection(ExtensibilityGlobals) = postSolution
		SolutionGuid = {E1EF70FA-6885-4EBB-86CE-8F27A14975BE}
	EndGlobalSection
EndGlobal
